// !$*UTF8*$!
{
	archiveVersion = 1;
	classes = {
	};
	objectVersion = 56;
	objects = {

/* Begin PBXBuildFile section */
		532A71612A9A342A00708CBE /* ToDoListTableViewCell.swift in Sources */ = {isa = PBXBuildFile; fileRef = 532A715F2A9A342A00708CBE /* ToDoListTableViewCell.swift */; };
		532A71622A9A342A00708CBE /* ToDoListTableViewCell.xib in Resources */ = {isa = PBXBuildFile; fileRef = 532A71602A9A342A00708CBE /* ToDoListTableViewCell.xib */; };
		532A71642A9A5B2C00708CBE /* Item.swift in Sources */ = {isa = PBXBuildFile; fileRef = 532A71632A9A5B2C00708CBE /* Item.swift */; };
		533662612AA35320005B2DB6 /* Diary.storyboard in Resources */ = {isa = PBXBuildFile; fileRef = 533662602AA35320005B2DB6 /* Diary.storyboard */; };
		533662632AA3549F005B2DB6 /* DiaryViewController.swift in Sources */ = {isa = PBXBuildFile; fileRef = 533662622AA3549F005B2DB6 /* DiaryViewController.swift */; };
		533662672AA37015005B2DB6 /* DiaryModel.swift in Sources */ = {isa = PBXBuildFile; fileRef = 533662662AA37015005B2DB6 /* DiaryModel.swift */; };
		5336AA7D2A9AD4270072585A /* MainTabBarController.swift in Sources */ = {isa = PBXBuildFile; fileRef = 5336AA7C2A9AD4270072585A /* MainTabBarController.swift */; };
		5336AA7F2A9AD4520072585A /* ToDoList.storyboard in Resources */ = {isa = PBXBuildFile; fileRef = 5336AA7E2A9AD4520072585A /* ToDoList.storyboard */; };
		5336AA812A9AD4A00072585A /* Calendar.storyboard in Resources */ = {isa = PBXBuildFile; fileRef = 5336AA802A9AD4A00072585A /* Calendar.storyboard */; };
		5336AA832A9AD4C30072585A /* ToDo.storyboard in Resources */ = {isa = PBXBuildFile; fileRef = 5336AA822A9AD4C20072585A /* ToDo.storyboard */; };
		5336AA852A9AD4F70072585A /* Reward.storyboard in Resources */ = {isa = PBXBuildFile; fileRef = 5336AA842A9AD4F70072585A /* Reward.storyboard */; };
		5336AA872A9AEA760072585A /* ToDoListViewController.swift in Sources */ = {isa = PBXBuildFile; fileRef = 5336AA862A9AEA760072585A /* ToDoListViewController.swift */; };
		5336AA8B2A9AEB680072585A /* RewardViewController.swift in Sources */ = {isa = PBXBuildFile; fileRef = 5336AA8A2A9AEB680072585A /* RewardViewController.swift */; };
		533B76B22A90A17400CDF8A5 /* AppDelegate.swift in Sources */ = {isa = PBXBuildFile; fileRef = 533B76B12A90A17400CDF8A5 /* AppDelegate.swift */; };
		533B76B42A90A17400CDF8A5 /* SceneDelegate.swift in Sources */ = {isa = PBXBuildFile; fileRef = 533B76B32A90A17400CDF8A5 /* SceneDelegate.swift */; };
		533B76B62A90A17400CDF8A5 /* ToDoViewController.swift in Sources */ = {isa = PBXBuildFile; fileRef = 533B76B52A90A17400CDF8A5 /* ToDoViewController.swift */; };
		533B76B92A90A17400CDF8A5 /* Main.storyboard in Resources */ = {isa = PBXBuildFile; fileRef = 533B76B72A90A17400CDF8A5 /* Main.storyboard */; };
		533B76BB2A90A17400CDF8A5 /* Assets.xcassets in Resources */ = {isa = PBXBuildFile; fileRef = 533B76BA2A90A17400CDF8A5 /* Assets.xcassets */; };
		533B76BE2A90A17400CDF8A5 /* LaunchScreen.storyboard in Resources */ = {isa = PBXBuildFile; fileRef = 533B76BC2A90A17400CDF8A5 /* LaunchScreen.storyboard */; };
		533B76C72A90F17000CDF8A5 /* CalendarViewController.swift in Sources */ = {isa = PBXBuildFile; fileRef = 533B76C62A90F17000CDF8A5 /* CalendarViewController.swift */; };
		5356D60D2AA393180049EFB4 /* DiaryTableViewCell.swift in Sources */ = {isa = PBXBuildFile; fileRef = 5356D60B2AA393180049EFB4 /* DiaryTableViewCell.swift */; };
		5356D60E2AA393180049EFB4 /* DiaryTableViewCell.xib in Resources */ = {isa = PBXBuildFile; fileRef = 5356D60C2AA393180049EFB4 /* DiaryTableViewCell.xib */; };
		535DB09D2A9CC52900DEACAB /* Reward.swift in Sources */ = {isa = PBXBuildFile; fileRef = 535DB09C2A9CC52900DEACAB /* Reward.swift */; };
		AC14BD069AA203C5360DC926 /* Pods_WeeklyToDo.framework in Frameworks */ = {isa = PBXBuildFile; fileRef = 8F50F7B10FAB5FD98DE2C38D /* Pods_WeeklyToDo.framework */; };
/* End PBXBuildFile section */

/* Begin PBXFileReference section */
		1F381F0A98F7F5A291FA4A57 /* Pods-WeeklyToDo.release.xcconfig */ = {isa = PBXFileReference; includeInIndex = 1; lastKnownFileType = text.xcconfig; name = "Pods-WeeklyToDo.release.xcconfig"; path = "Target Support Files/Pods-WeeklyToDo/Pods-WeeklyToDo.release.xcconfig"; sourceTree = "<group>"; };
		532A715F2A9A342A00708CBE /* ToDoListTableViewCell.swift */ = {isa = PBXFileReference; lastKnownFileType = sourcecode.swift; name = ToDoListTableViewCell.swift; path = WeeklyToDo/View/ToDoListTableViewCell.swift; sourceTree = SOURCE_ROOT; };
		532A71602A9A342A00708CBE /* ToDoListTableViewCell.xib */ = {isa = PBXFileReference; lastKnownFileType = file.xib; name = ToDoListTableViewCell.xib; path = WeeklyToDo/View/ToDoListTableViewCell.xib; sourceTree = SOURCE_ROOT; };
		532A71632A9A5B2C00708CBE /* Item.swift */ = {isa = PBXFileReference; lastKnownFileType = sourcecode.swift; path = Item.swift; sourceTree = "<group>"; };
		533662602AA35320005B2DB6 /* Diary.storyboard */ = {isa = PBXFileReference; lastKnownFileType = file.storyboard; path = Diary.storyboard; sourceTree = "<group>"; };
		533662622AA3549F005B2DB6 /* DiaryViewController.swift */ = {isa = PBXFileReference; lastKnownFileType = sourcecode.swift; path = DiaryViewController.swift; sourceTree = "<group>"; };
		533662662AA37015005B2DB6 /* DiaryModel.swift */ = {isa = PBXFileReference; lastKnownFileType = sourcecode.swift; path = DiaryModel.swift; sourceTree = "<group>"; };
		5336AA7C2A9AD4270072585A /* MainTabBarController.swift */ = {isa = PBXFileReference; lastKnownFileType = sourcecode.swift; path = MainTabBarController.swift; sourceTree = "<group>"; };
		5336AA7E2A9AD4520072585A /* ToDoList.storyboard */ = {isa = PBXFileReference; lastKnownFileType = file.storyboard; path = ToDoList.storyboard; sourceTree = "<group>"; };
		5336AA802A9AD4A00072585A /* Calendar.storyboard */ = {isa = PBXFileReference; lastKnownFileType = file.storyboard; path = Calendar.storyboard; sourceTree = "<group>"; };
		5336AA822A9AD4C20072585A /* ToDo.storyboard */ = {isa = PBXFileReference; lastKnownFileType = file.storyboard; path = ToDo.storyboard; sourceTree = "<group>"; };
		5336AA842A9AD4F70072585A /* Reward.storyboard */ = {isa = PBXFileReference; lastKnownFileType = file.storyboard; path = Reward.storyboard; sourceTree = "<group>"; };
		5336AA862A9AEA760072585A /* ToDoListViewController.swift */ = {isa = PBXFileReference; lastKnownFileType = sourcecode.swift; path = ToDoListViewController.swift; sourceTree = "<group>"; };
		5336AA8A2A9AEB680072585A /* RewardViewController.swift */ = {isa = PBXFileReference; lastKnownFileType = sourcecode.swift; path = RewardViewController.swift; sourceTree = "<group>"; };
		533B76AE2A90A17400CDF8A5 /* WeeklyToDo.app */ = {isa = PBXFileReference; explicitFileType = wrapper.application; includeInIndex = 0; path = WeeklyToDo.app; sourceTree = BUILT_PRODUCTS_DIR; };
		533B76B12A90A17400CDF8A5 /* AppDelegate.swift */ = {isa = PBXFileReference; lastKnownFileType = sourcecode.swift; path = AppDelegate.swift; sourceTree = "<group>"; };
		533B76B32A90A17400CDF8A5 /* SceneDelegate.swift */ = {isa = PBXFileReference; lastKnownFileType = sourcecode.swift; path = SceneDelegate.swift; sourceTree = "<group>"; };
		533B76B52A90A17400CDF8A5 /* ToDoViewController.swift */ = {isa = PBXFileReference; lastKnownFileType = sourcecode.swift; path = ToDoViewController.swift; sourceTree = "<group>"; };
		533B76B82A90A17400CDF8A5 /* Base */ = {isa = PBXFileReference; lastKnownFileType = file.storyboard; name = Base; path = Base.lproj/Main.storyboard; sourceTree = "<group>"; };
		533B76BA2A90A17400CDF8A5 /* Assets.xcassets */ = {isa = PBXFileReference; lastKnownFileType = folder.assetcatalog; path = Assets.xcassets; sourceTree = "<group>"; };
		533B76BD2A90A17400CDF8A5 /* Base */ = {isa = PBXFileReference; lastKnownFileType = file.storyboard; name = Base; path = Base.lproj/LaunchScreen.storyboard; sourceTree = "<group>"; };
		533B76BF2A90A17400CDF8A5 /* Info.plist */ = {isa = PBXFileReference; lastKnownFileType = text.plist.xml; path = Info.plist; sourceTree = "<group>"; };
		533B76C62A90F17000CDF8A5 /* CalendarViewController.swift */ = {isa = PBXFileReference; lastKnownFileType = sourcecode.swift; path = CalendarViewController.swift; sourceTree = "<group>"; };
		5356D60B2AA393180049EFB4 /* DiaryTableViewCell.swift */ = {isa = PBXFileReference; lastKnownFileType = sourcecode.swift; path = DiaryTableViewCell.swift; sourceTree = "<group>"; };
		5356D60C2AA393180049EFB4 /* DiaryTableViewCell.xib */ = {isa = PBXFileReference; lastKnownFileType = file.xib; path = DiaryTableViewCell.xib; sourceTree = "<group>"; };
		535DB09C2A9CC52900DEACAB /* Reward.swift */ = {isa = PBXFileReference; lastKnownFileType = sourcecode.swift; path = Reward.swift; sourceTree = "<group>"; };
		8F50F7B10FAB5FD98DE2C38D /* Pods_WeeklyToDo.framework */ = {isa = PBXFileReference; explicitFileType = wrapper.framework; includeInIndex = 0; path = Pods_WeeklyToDo.framework; sourceTree = BUILT_PRODUCTS_DIR; };
		D80CB0BBB3C27A44335989FA /* Pods-WeeklyToDo.debug.xcconfig */ = {isa = PBXFileReference; includeInIndex = 1; lastKnownFileType = text.xcconfig; name = "Pods-WeeklyToDo.debug.xcconfig"; path = "Target Support Files/Pods-WeeklyToDo/Pods-WeeklyToDo.debug.xcconfig"; sourceTree = "<group>"; };
/* End PBXFileReference section */

/* Begin PBXFrameworksBuildPhase section */
		533B76AB2A90A17400CDF8A5 /* Frameworks */ = {
			isa = PBXFrameworksBuildPhase;
			buildActionMask = 2147483647;
			files = (
				AC14BD069AA203C5360DC926 /* Pods_WeeklyToDo.framework in Frameworks */,
			);
			runOnlyForDeploymentPostprocessing = 0;
		};
/* End PBXFrameworksBuildPhase section */

/* Begin PBXGroup section */
		532A715C2A9A30C300708CBE /* Model */ = {
			isa = PBXGroup;
			children = (
				532A71632A9A5B2C00708CBE /* Item.swift */,
				535DB09C2A9CC52900DEACAB /* Reward.swift */,
				533662662AA37015005B2DB6 /* DiaryModel.swift */,
			);
			path = Model;
			sourceTree = "<group>";
		};
		532A715D2A9A315400708CBE /* View */ = {
			isa = PBXGroup;
			children = (
				533B76B72A90A17400CDF8A5 /* Main.storyboard */,
				532A715F2A9A342A00708CBE /* ToDoListTableViewCell.swift */,
				532A71602A9A342A00708CBE /* ToDoListTableViewCell.xib */,
				5336AA7E2A9AD4520072585A /* ToDoList.storyboard */,
				5336AA822A9AD4C20072585A /* ToDo.storyboard */,
				5336AA842A9AD4F70072585A /* Reward.storyboard */,
				5336AA802A9AD4A00072585A /* Calendar.storyboard */,
				533662602AA35320005B2DB6 /* Diary.storyboard */,
				5356D60B2AA393180049EFB4 /* DiaryTableViewCell.swift */,
				5356D60C2AA393180049EFB4 /* DiaryTableViewCell.xib */,
			);
			path = View;
			sourceTree = "<group>";
		};
		532A715E2A9A317100708CBE /* Controller */ = {
			isa = PBXGroup;
			children = (
				5336AA7C2A9AD4270072585A /* MainTabBarController.swift */,
				5336AA862A9AEA760072585A /* ToDoListViewController.swift */,
				533B76B52A90A17400CDF8A5 /* ToDoViewController.swift */,
				5336AA8A2A9AEB680072585A /* RewardViewController.swift */,
				533B76C62A90F17000CDF8A5 /* CalendarViewController.swift */,
				533662622AA3549F005B2DB6 /* DiaryViewController.swift */,
			);
			path = Controller;
			sourceTree = "<group>";
		};
		532A71652A9A61D600708CBE /* Supporting */ = {
			isa = PBXGroup;
			children = (
				533B76BA2A90A17400CDF8A5 /* Assets.xcassets */,
				533B76BC2A90A17400CDF8A5 /* LaunchScreen.storyboard */,
			);
			path = Supporting;
			sourceTree = "<group>";
		};
		533B76A52A90A17300CDF8A5 = {
			isa = PBXGroup;
			children = (
				533B76B02A90A17400CDF8A5 /* WeeklyToDo */,
				533B76AF2A90A17400CDF8A5 /* Products */,
				C85692CA31A5C5B45C3C8FE2 /* Pods */,
				ED92314658B7E13DBD920271 /* Frameworks */,
			);
			sourceTree = "<group>";
		};
		533B76AF2A90A17400CDF8A5 /* Products */ = {
			isa = PBXGroup;
			children = (
				533B76AE2A90A17400CDF8A5 /* WeeklyToDo.app */,
			);
			name = Products;
			sourceTree = "<group>";
		};
		533B76B02A90A17400CDF8A5 /* WeeklyToDo */ = {
			isa = PBXGroup;
			children = (
				533B76B12A90A17400CDF8A5 /* AppDelegate.swift */,
				533B76B32A90A17400CDF8A5 /* SceneDelegate.swift */,
				532A715C2A9A30C300708CBE /* Model */,
				532A715D2A9A315400708CBE /* View */,
				532A715E2A9A317100708CBE /* Controller */,
				532A71652A9A61D600708CBE /* Supporting */,
				533B76BF2A90A17400CDF8A5 /* Info.plist */,
			);
			path = WeeklyToDo;
			sourceTree = "<group>";
		};
		C85692CA31A5C5B45C3C8FE2 /* Pods */ = {
			isa = PBXGroup;
			children = (
				D80CB0BBB3C27A44335989FA /* Pods-WeeklyToDo.debug.xcconfig */,
				1F381F0A98F7F5A291FA4A57 /* Pods-WeeklyToDo.release.xcconfig */,
			);
			path = Pods;
			sourceTree = "<group>";
		};
		ED92314658B7E13DBD920271 /* Frameworks */ = {
			isa = PBXGroup;
			children = (
				8F50F7B10FAB5FD98DE2C38D /* Pods_WeeklyToDo.framework */,
			);
			name = Frameworks;
			sourceTree = "<group>";
		};
/* End PBXGroup section */

/* Begin PBXNativeTarget section */
		533B76AD2A90A17400CDF8A5 /* WeeklyToDo */ = {
			isa = PBXNativeTarget;
			buildConfigurationList = 533B76C22A90A17400CDF8A5 /* Build configuration list for PBXNativeTarget "WeeklyToDo" */;
			buildPhases = (
				A3B2958C0EB2A872CF2B393A /* [CP] Check Pods Manifest.lock */,
				533B76AA2A90A17400CDF8A5 /* Sources */,
				533B76AB2A90A17400CDF8A5 /* Frameworks */,
				533B76AC2A90A17400CDF8A5 /* Resources */,
				0F1CB18B41C97DB0FB90811B /* [CP] Embed Pods Frameworks */,
			);
			buildRules = (
			);
			dependencies = (
			);
			name = WeeklyToDo;
			productName = WeeklyToDo;
			productReference = 533B76AE2A90A17400CDF8A5 /* WeeklyToDo.app */;
			productType = "com.apple.product-type.application";
		};
/* End PBXNativeTarget section */

/* Begin PBXProject section */
		533B76A62A90A17300CDF8A5 /* Project object */ = {
			isa = PBXProject;
			attributes = {
				BuildIndependentTargetsInParallel = 1;
				LastSwiftUpdateCheck = 1430;
				LastUpgradeCheck = 1430;
				TargetAttributes = {
					533B76AD2A90A17400CDF8A5 = {
						CreatedOnToolsVersion = 14.3.1;
					};
				};
			};
			buildConfigurationList = 533B76A92A90A17300CDF8A5 /* Build configuration list for PBXProject "WeeklyToDo" */;
			compatibilityVersion = "Xcode 14.0";
			developmentRegion = en;
			hasScannedForEncodings = 0;
			knownRegions = (
				en,
				Base,
			);
			mainGroup = 533B76A52A90A17300CDF8A5;
			productRefGroup = 533B76AF2A90A17400CDF8A5 /* Products */;
			projectDirPath = "";
			projectRoot = "";
			targets = (
				533B76AD2A90A17400CDF8A5 /* WeeklyToDo */,
			);
		};
/* End PBXProject section */

/* Begin PBXResourcesBuildPhase section */
		533B76AC2A90A17400CDF8A5 /* Resources */ = {
			isa = PBXResourcesBuildPhase;
			buildActionMask = 2147483647;
			files = (
				5336AA812A9AD4A00072585A /* Calendar.storyboard in Resources */,
				5336AA7F2A9AD4520072585A /* ToDoList.storyboard in Resources */,
				533662612AA35320005B2DB6 /* Diary.storyboard in Resources */,
				533B76BE2A90A17400CDF8A5 /* LaunchScreen.storyboard in Resources */,
				533B76BB2A90A17400CDF8A5 /* Assets.xcassets in Resources */,
				5336AA832A9AD4C30072585A /* ToDo.storyboard in Resources */,
				5336AA852A9AD4F70072585A /* Reward.storyboard in Resources */,
				5356D60E2AA393180049EFB4 /* DiaryTableViewCell.xib in Resources */,
				533B76B92A90A17400CDF8A5 /* Main.storyboard in Resources */,
				532A71622A9A342A00708CBE /* ToDoListTableViewCell.xib in Resources */,
			);
			runOnlyForDeploymentPostprocessing = 0;
		};
/* End PBXResourcesBuildPhase section */

/* Begin PBXShellScriptBuildPhase section */
		0F1CB18B41C97DB0FB90811B /* [CP] Embed Pods Frameworks */ = {
			isa = PBXShellScriptBuildPhase;
			buildActionMask = 2147483647;
			files = (
			);
			inputFileListPaths = (
				"${PODS_ROOT}/Target Support Files/Pods-WeeklyToDo/Pods-WeeklyToDo-frameworks-${CONFIGURATION}-input-files.xcfilelist",
			);
			name = "[CP] Embed Pods Frameworks";
			outputFileListPaths = (
				"${PODS_ROOT}/Target Support Files/Pods-WeeklyToDo/Pods-WeeklyToDo-frameworks-${CONFIGURATION}-output-files.xcfilelist",
			);
			runOnlyForDeploymentPostprocessing = 0;
			shellPath = /bin/sh;
			shellScript = "\"${PODS_ROOT}/Target Support Files/Pods-WeeklyToDo/Pods-WeeklyToDo-frameworks.sh\"\n";
			showEnvVarsInLog = 0;
		};
		A3B2958C0EB2A872CF2B393A /* [CP] Check Pods Manifest.lock */ = {
			isa = PBXShellScriptBuildPhase;
			buildActionMask = 2147483647;
			files = (
			);
			inputFileListPaths = (
			);
			inputPaths = (
				"${PODS_PODFILE_DIR_PATH}/Podfile.lock",
				"${PODS_ROOT}/Manifest.lock",
			);
			name = "[CP] Check Pods Manifest.lock";
			outputFileListPaths = (
			);
			outputPaths = (
				"$(DERIVED_FILE_DIR)/Pods-WeeklyToDo-checkManifestLockResult.txt",
			);
			runOnlyForDeploymentPostprocessing = 0;
			shellPath = /bin/sh;
			shellScript = "diff \"${PODS_PODFILE_DIR_PATH}/Podfile.lock\" \"${PODS_ROOT}/Manifest.lock\" > /dev/null\nif [ $? != 0 ] ; then\n    # print error to STDERR\n    echo \"error: The sandbox is not in sync with the Podfile.lock. Run 'pod install' or update your CocoaPods installation.\" >&2\n    exit 1\nfi\n# This output is used by Xcode 'outputs' to avoid re-running this script phase.\necho \"SUCCESS\" > \"${SCRIPT_OUTPUT_FILE_0}\"\n";
			showEnvVarsInLog = 0;
		};
/* End PBXShellScriptBuildPhase section */

/* Begin PBXSourcesBuildPhase section */
		533B76AA2A90A17400CDF8A5 /* Sources */ = {
			isa = PBXSourcesBuildPhase;
			buildActionMask = 2147483647;
			files = (
				5336AA872A9AEA760072585A /* ToDoListViewController.swift in Sources */,
				5356D60D2AA393180049EFB4 /* DiaryTableViewCell.swift in Sources */,
				533662672AA37015005B2DB6 /* DiaryModel.swift in Sources */,
				533B76C72A90F17000CDF8A5 /* CalendarViewController.swift in Sources */,
				533B76B62A90A17400CDF8A5 /* ToDoViewController.swift in Sources */,
				533662632AA3549F005B2DB6 /* DiaryViewController.swift in Sources */,
				5336AA7D2A9AD4270072585A /* MainTabBarController.swift in Sources */,
				535DB09D2A9CC52900DEACAB /* Reward.swift in Sources */,
				5336AA8B2A9AEB680072585A /* RewardViewController.swift in Sources */,
				532A71612A9A342A00708CBE /* ToDoListTableViewCell.swift in Sources */,
				533B76B22A90A17400CDF8A5 /* AppDelegate.swift in Sources */,
				532A71642A9A5B2C00708CBE /* Item.swift in Sources */,
				533B76B42A90A17400CDF8A5 /* SceneDelegate.swift in Sources */,
			);
			runOnlyForDeploymentPostprocessing = 0;
		};
/* End PBXSourcesBuildPhase section */

/* Begin PBXVariantGroup section */
		533B76B72A90A17400CDF8A5 /* Main.storyboard */ = {
			isa = PBXVariantGroup;
			children = (
				533B76B82A90A17400CDF8A5 /* Base */,
			);
			name = Main.storyboard;
			sourceTree = "<group>";
		};
		533B76BC2A90A17400CDF8A5 /* LaunchScreen.storyboard */ = {
			isa = PBXVariantGroup;
			children = (
				533B76BD2A90A17400CDF8A5 /* Base */,
			);
			name = LaunchScreen.storyboard;
			sourceTree = "<group>";
		};
/* End PBXVariantGroup section */

/* Begin XCBuildConfiguration section */
		533B76C02A90A17400CDF8A5 /* Debug */ = {
			isa = XCBuildConfiguration;
			buildSettings = {
				ALWAYS_SEARCH_USER_PATHS = NO;
				CLANG_ANALYZER_NONNULL = YES;
				CLANG_ANALYZER_NUMBER_OBJECT_CONVERSION = YES_AGGRESSIVE;
				CLANG_CXX_LANGUAGE_STANDARD = "gnu++20";
				CLANG_ENABLE_MODULES = YES;
				CLANG_ENABLE_OBJC_ARC = YES;
				CLANG_ENABLE_OBJC_WEAK = YES;
				CLANG_WARN_BLOCK_CAPTURE_AUTORELEASING = YES;
				CLANG_WARN_BOOL_CONVERSION = YES;
				CLANG_WARN_COMMA = YES;
				CLANG_WARN_CONSTANT_CONVERSION = YES;
				CLANG_WARN_DEPRECATED_OBJC_IMPLEMENTATIONS = YES;
				CLANG_WARN_DIRECT_OBJC_ISA_USAGE = YES_ERROR;
				CLANG_WARN_DOCUMENTATION_COMMENTS = YES;
				CLANG_WARN_EMPTY_BODY = YES;
				CLANG_WARN_ENUM_CONVERSION = YES;
				CLANG_WARN_INFINITE_RECURSION = YES;
				CLANG_WARN_INT_CONVERSION = YES;
				CLANG_WARN_NON_LITERAL_NULL_CONVERSION = YES;
				CLANG_WARN_OBJC_IMPLICIT_RETAIN_SELF = YES;
				CLANG_WARN_OBJC_LITERAL_CONVERSION = YES;
				CLANG_WARN_OBJC_ROOT_CLASS = YES_ERROR;
				CLANG_WARN_QUOTED_INCLUDE_IN_FRAMEWORK_HEADER = YES;
				CLANG_WARN_RANGE_LOOP_ANALYSIS = YES;
				CLANG_WARN_STRICT_PROTOTYPES = YES;
				CLANG_WARN_SUSPICIOUS_MOVE = YES;
				CLANG_WARN_UNGUARDED_AVAILABILITY = YES_AGGRESSIVE;
				CLANG_WARN_UNREACHABLE_CODE = YES;
				CLANG_WARN__DUPLICATE_METHOD_MATCH = YES;
				COPY_PHASE_STRIP = NO;
				DEBUG_INFORMATION_FORMAT = dwarf;
				ENABLE_STRICT_OBJC_MSGSEND = YES;
				ENABLE_TESTABILITY = YES;
				GCC_C_LANGUAGE_STANDARD = gnu11;
				GCC_DYNAMIC_NO_PIC = NO;
				GCC_NO_COMMON_BLOCKS = YES;
				GCC_OPTIMIZATION_LEVEL = 0;
				GCC_PREPROCESSOR_DEFINITIONS = (
					"DEBUG=1",
					"$(inherited)",
				);
				GCC_WARN_64_TO_32_BIT_CONVERSION = YES;
				GCC_WARN_ABOUT_RETURN_TYPE = YES_ERROR;
				GCC_WARN_UNDECLARED_SELECTOR = YES;
				GCC_WARN_UNINITIALIZED_AUTOS = YES_AGGRESSIVE;
				GCC_WARN_UNUSED_FUNCTION = YES;
				GCC_WARN_UNUSED_VARIABLE = YES;
				IPHONEOS_DEPLOYMENT_TARGET = 15.0;
				MTL_ENABLE_DEBUG_INFO = INCLUDE_SOURCE;
				MTL_FAST_MATH = YES;
				ONLY_ACTIVE_ARCH = YES;
				SDKROOT = iphoneos;
				SWIFT_ACTIVE_COMPILATION_CONDITIONS = DEBUG;
				SWIFT_OPTIMIZATION_LEVEL = "-Onone";
			};
			name = Debug;
		};
		533B76C12A90A17400CDF8A5 /* Release */ = {
			isa = XCBuildConfiguration;
			buildSettings = {
				ALWAYS_SEARCH_USER_PATHS = NO;
				CLANG_ANALYZER_NONNULL = YES;
				CLANG_ANALYZER_NUMBER_OBJECT_CONVERSION = YES_AGGRESSIVE;
				CLANG_CXX_LANGUAGE_STANDARD = "gnu++20";
				CLANG_ENABLE_MODULES = YES;
				CLANG_ENABLE_OBJC_ARC = YES;
				CLANG_ENABLE_OBJC_WEAK = YES;
				CLANG_WARN_BLOCK_CAPTURE_AUTORELEASING = YES;
				CLANG_WARN_BOOL_CONVERSION = YES;
				CLANG_WARN_COMMA = YES;
				CLANG_WARN_CONSTANT_CONVERSION = YES;
				CLANG_WARN_DEPRECATED_OBJC_IMPLEMENTATIONS = YES;
				CLANG_WARN_DIRECT_OBJC_ISA_USAGE = YES_ERROR;
				CLANG_WARN_DOCUMENTATION_COMMENTS = YES;
				CLANG_WARN_EMPTY_BODY = YES;
				CLANG_WARN_ENUM_CONVERSION = YES;
				CLANG_WARN_INFINITE_RECURSION = YES;
				CLANG_WARN_INT_CONVERSION = YES;
				CLANG_WARN_NON_LITERAL_NULL_CONVERSION = YES;
				CLANG_WARN_OBJC_IMPLICIT_RETAIN_SELF = YES;
				CLANG_WARN_OBJC_LITERAL_CONVERSION = YES;
				CLANG_WARN_OBJC_ROOT_CLASS = YES_ERROR;
				CLANG_WARN_QUOTED_INCLUDE_IN_FRAMEWORK_HEADER = YES;
				CLANG_WARN_RANGE_LOOP_ANALYSIS = YES;
				CLANG_WARN_STRICT_PROTOTYPES = YES;
				CLANG_WARN_SUSPICIOUS_MOVE = YES;
				CLANG_WARN_UNGUARDED_AVAILABILITY = YES_AGGRESSIVE;
				CLANG_WARN_UNREACHABLE_CODE = YES;
				CLANG_WARN__DUPLICATE_METHOD_MATCH = YES;
				COPY_PHASE_STRIP = NO;
				DEBUG_INFORMATION_FORMAT = "dwarf-with-dsym";
				ENABLE_NS_ASSERTIONS = NO;
				ENABLE_STRICT_OBJC_MSGSEND = YES;
				GCC_C_LANGUAGE_STANDARD = gnu11;
				GCC_NO_COMMON_BLOCKS = YES;
				GCC_WARN_64_TO_32_BIT_CONVERSION = YES;
				GCC_WARN_ABOUT_RETURN_TYPE = YES_ERROR;
				GCC_WARN_UNDECLARED_SELECTOR = YES;
				GCC_WARN_UNINITIALIZED_AUTOS = YES_AGGRESSIVE;
				GCC_WARN_UNUSED_FUNCTION = YES;
				GCC_WARN_UNUSED_VARIABLE = YES;
				IPHONEOS_DEPLOYMENT_TARGET = 15.0;
				MTL_ENABLE_DEBUG_INFO = NO;
				MTL_FAST_MATH = YES;
				SDKROOT = iphoneos;
				SWIFT_COMPILATION_MODE = wholemodule;
				SWIFT_OPTIMIZATION_LEVEL = "-O";
				VALIDATE_PRODUCT = YES;
			};
			name = Release;
		};
		533B76C32A90A17400CDF8A5 /* Debug */ = {
			isa = XCBuildConfiguration;
			baseConfigurationReference = D80CB0BBB3C27A44335989FA /* Pods-WeeklyToDo.debug.xcconfig */;
			buildSettings = {
				ASSETCATALOG_COMPILER_APPICON_NAME = AppIcon;
				ASSETCATALOG_COMPILER_GLOBAL_ACCENT_COLOR_NAME = AccentColor;
				CODE_SIGN_STYLE = Automatic;
				CURRENT_PROJECT_VERSION = 1;
				ENABLE_BITCODE = NO;
				GENERATE_INFOPLIST_FILE = YES;
				INFOPLIST_FILE = WeeklyToDo/Info.plist;
				INFOPLIST_KEY_UIApplicationSupportsIndirectInputEvents = YES;
				INFOPLIST_KEY_UILaunchStoryboardName = LaunchScreen;
				INFOPLIST_KEY_UIMainStoryboardFile = Main;
				INFOPLIST_KEY_UISupportedInterfaceOrientations_iPad = "UIInterfaceOrientationPortrait UIInterfaceOrientationPortraitUpsideDown UIInterfaceOrientationLandscapeLeft UIInterfaceOrientationLandscapeRight";
				INFOPLIST_KEY_UISupportedInterfaceOrientations_iPhone = "UIInterfaceOrientationPortrait UIInterfaceOrientationLandscapeLeft UIInterfaceOrientationLandscapeRight";
				IPHONEOS_DEPLOYMENT_TARGET = 15.0;
				LD_RUNPATH_SEARCH_PATHS = (
					"$(inherited)",
					"@executable_path/Frameworks",
				);
				MARKETING_VERSION = 1.0;
				PRODUCT_BUNDLE_IDENTIFIER = com.hinaf0224.WeeklyToDo;
				PRODUCT_NAME = "$(TARGET_NAME)";
				SWIFT_EMIT_LOC_STRINGS = YES;
				SWIFT_VERSION = 5.0;
				TARGETED_DEVICE_FAMILY = "1,2";
			};
			name = Debug;
		};
		533B76C42A90A17400CDF8A5 /* Release */ = {
			isa = XCBuildConfiguration;
			baseConfigurationReference = 1F381F0A98F7F5A291FA4A57 /* Pods-WeeklyToDo.release.xcconfig */;
			buildSettings = {
				ASSETCATALOG_COMPILER_APPICON_NAME = AppIcon;
				ASSETCATALOG_COMPILER_GLOBAL_ACCENT_COLOR_NAME = AccentColor;
				CODE_SIGN_STYLE = Automatic;
				CURRENT_PROJECT_VERSION = 1;
				ENABLE_BITCODE = NO;
				GENERATE_INFOPLIST_FILE = YES;
				INFOPLIST_FILE = WeeklyToDo/Info.plist;
				INFOPLIST_KEY_UIApplicationSupportsIndirectInputEvents = YES;
				INFOPLIST_KEY_UILaunchStoryboardName = LaunchScreen;
				INFOPLIST_KEY_UIMainStoryboardFile = Main;
				INFOPLIST_KEY_UISupportedInterfaceOrientations_iPad = "UIInterfaceOrientationPortrait UIInterfaceOrientationPortraitUpsideDown UIInterfaceOrientationLandscapeLeft UIInterfaceOrientationLandscapeRight";
				INFOPLIST_KEY_UISupportedInterfaceOrientations_iPhone = "UIInterfaceOrientationPortrait UIInterfaceOrientationLandscapeLeft UIInterfaceOrientationLandscapeRight";
				IPHONEOS_DEPLOYMENT_TARGET = 15.0;
				LD_RUNPATH_SEARCH_PATHS = (
					"$(inherited)",
					"@executable_path/Frameworks",
				);
				MARKETING_VERSION = 1.0;
				PRODUCT_BUNDLE_IDENTIFIER = com.hinaf0224.WeeklyToDo;
				PRODUCT_NAME = "$(TARGET_NAME)";
				SWIFT_EMIT_LOC_STRINGS = YES;
				SWIFT_VERSION = 5.0;
				TARGETED_DEVICE_FAMILY = "1,2";
			};
			name = Release;
		};
/* End XCBuildConfiguration section */

/* Begin XCConfigurationList section */
		533B76A92A90A17300CDF8A5 /* Build configuration list for PBXProject "WeeklyToDo" */ = {
			isa = XCConfigurationList;
			buildConfigurations = (
				533B76C02A90A17400CDF8A5 /* Debug */,
				533B76C12A90A17400CDF8A5 /* Release */,
			);
			defaultConfigurationIsVisible = 0;
			defaultConfigurationName = Release;
		};
		533B76C22A90A17400CDF8A5 /* Build configuration list for PBXNativeTarget "WeeklyToDo" */ = {
			isa = XCConfigurationList;
			buildConfigurations = (
				533B76C32A90A17400CDF8A5 /* Debug */,
				533B76C42A90A17400CDF8A5 /* Release */,
			);
			defaultConfigurationIsVisible = 0;
			defaultConfigurationName = Release;
		};
/* End XCConfigurationList section */
	};
	rootObject = 533B76A62A90A17300CDF8A5 /* Project object */;
}
